
Microsoft Visual Studio Solution File, Format Version 12.00
# Visual Studio Version 16
VisualStudioVersion = 16.0.31911.196
MinimumVisualStudioVersion = 10.0.40219.1
Project("{9A19103F-16F7-4668-BE54-9A1E7A4F7556}") = "API", "API\API.csproj", "{AF821266-557D-4011-AE54-91A9EB567D45}"
EndProject
Project("{FAE04EC0-301F-11D3-BF4B-00C04F79EFBC}") = "Client", "Client\Client.csproj", "{AEB60322-7B10-44A9-882F-B63B989D9B84}"
EndProject
Global
	GlobalSection(SolutionConfigurationPlatforms) = preSolution
		Debug|Any CPU = Debug|Any CPU
		Release|Any CPU = Release|Any CPU
	EndGlobalSection
	GlobalSection(ProjectConfigurationPlatforms) = postSolution
		{AF821266-557D-4011-AE54-91A9EB567D45}.Debug|Any CPU.ActiveCfg = Debug|Any CPU
		{AF821266-557D-4011-AE54-91A9EB567D45}.Debug|Any CPU.Build.0 = Debug|Any CPU
		{AF821266-557D-4011-AE54-91A9EB567D45}.Release|Any CPU.ActiveCfg = Release|Any CPU
		{AF821266-557D-4011-AE54-91A9EB567D45}.Release|Any CPU.Build.0 = Release|Any CPU
		{AEB60322-7B10-44A9-882F-B63B989D9B84}.Debug|Any CPU.ActiveCfg = Debug|Any CPU
		{AEB60322-7B10-44A9-882F-B63B989D9B84}.Debug|Any CPU.Build.0 = Debug|Any CPU
		{AEB60322-7B10-44A9-882F-B63B989D9B84}.Release|Any CPU.ActiveCfg = Release|Any CPU
		{AEB60322-7B10-44A9-882F-B63B989D9B84}.Release|Any CPU.Build.0 = Release|Any CPU
	EndGlobalSection
	GlobalSection(SolutionProperties) = preSolution
		HideSolutionNode = FALSE
	EndGlobalSection
	GlobalSection(ExtensibilityGlobals) = postSolution
		SolutionGuid = {97C18355-1396-4FEC-B38F-E31FAB77B5B7}
	EndGlobalSection
EndGlobal
